
Microsoft Visual Studio Solution File, Format Version 12.00
# Visual Studio Version 16
VisualStudioVersion = 16.0.29519.87
MinimumVisualStudioVersion = 10.0.40219.1
Project("{2150E333-8FDC-42A3-9474-1A3956D46DE8}") = "Modules", "Modules", "{4A401480-52F7-4F99-9A34-1A96AD0D7F36}"
EndProject
Project("{9A19103F-16F7-4668-BE54-9A1E7A4F7556}") = "Lohcode.Documentation", "lohcoh-docs\Lohcode.Documentation.csproj", "{2B666E7F-6742-496C-9542-3066A8F6528D}"
EndProject
Project("{9A19103F-16F7-4668-BE54-9A1E7A4F7556}") = "Lowkode.Client.Core", "Lowkode.Client.Core\Lowkode.Client.Core.csproj", "{0E08DA76-63C7-4DDB-A616-4744FF19B02D}"
EndProject
Project("{9A19103F-16F7-4668-BE54-9A1E7A4F7556}") = "Microsoft.AspNetCore.Components.Testing", "..\BlazorUnitTestingPrototype\Microsoft.AspNetCore.Components.Testing\Microsoft.AspNetCore.Components.Testing.csproj", "{2A9A21A7-2A10-466C-983C-782D79CB5B23}"
EndProject
Project("{2150E333-8FDC-42A3-9474-1A3956D46DE8}") = "Archive", "Archive", "{A3C09EFD-3CD7-4F07-ABCE-6AF953FEF6C6}"
EndProject
Project("{9A19103F-16F7-4668-BE54-9A1E7A4F7556}") = "Lowkode.Demo.Application", "Lowkode.Demo.Application\Lowkode.Demo.Application.csproj", "{BB535CB1-8038-43ED-A6A9-B00C0827785C}"
EndProject
Project("{9A19103F-16F7-4668-BE54-9A1E7A4F7556}") = "LowKode.Core", "LowKode.Core\LowKode.Core.csproj", "{B8CD2C98-3F42-4CC5-9AEE-33749D7FBFA8}"
EndProject
Global
	GlobalSection(SolutionConfigurationPlatforms) = preSolution
		Debug|Any CPU = Debug|Any CPU
		Release|Any CPU = Release|Any CPU
	EndGlobalSection
	GlobalSection(ProjectConfigurationPlatforms) = postSolution
		{2B666E7F-6742-496C-9542-3066A8F6528D}.Debug|Any CPU.ActiveCfg = Debug|Any CPU
		{2B666E7F-6742-496C-9542-3066A8F6528D}.Debug|Any CPU.Build.0 = Debug|Any CPU
		{2B666E7F-6742-496C-9542-3066A8F6528D}.Release|Any CPU.ActiveCfg = Release|Any CPU
		{2B666E7F-6742-496C-9542-3066A8F6528D}.Release|Any CPU.Build.0 = Release|Any CPU
		{0E08DA76-63C7-4DDB-A616-4744FF19B02D}.Debug|Any CPU.ActiveCfg = Debug|Any CPU
		{0E08DA76-63C7-4DDB-A616-4744FF19B02D}.Debug|Any CPU.Build.0 = Debug|Any CPU
		{0E08DA76-63C7-4DDB-A616-4744FF19B02D}.Release|Any CPU.ActiveCfg = Release|Any CPU
		{0E08DA76-63C7-4DDB-A616-4744FF19B02D}.Release|Any CPU.Build.0 = Release|Any CPU
		{2A9A21A7-2A10-466C-983C-782D79CB5B23}.Debug|Any CPU.ActiveCfg = Debug|Any CPU
		{2A9A21A7-2A10-466C-983C-782D79CB5B23}.Debug|Any CPU.Build.0 = Debug|Any CPU
		{2A9A21A7-2A10-466C-983C-782D79CB5B23}.Release|Any CPU.ActiveCfg = Release|Any CPU
		{2A9A21A7-2A10-466C-983C-782D79CB5B23}.Release|Any CPU.Build.0 = Release|Any CPU
		{BB535CB1-8038-43ED-A6A9-B00C0827785C}.Debug|Any CPU.ActiveCfg = Debug|Any CPU
		{BB535CB1-8038-43ED-A6A9-B00C0827785C}.Debug|Any CPU.Build.0 = Debug|Any CPU
		{BB535CB1-8038-43ED-A6A9-B00C0827785C}.Release|Any CPU.ActiveCfg = Release|Any CPU
		{BB535CB1-8038-43ED-A6A9-B00C0827785C}.Release|Any CPU.Build.0 = Release|Any CPU
		{B8CD2C98-3F42-4CC5-9AEE-33749D7FBFA8}.Debug|Any CPU.ActiveCfg = Debug|Any CPU
		{B8CD2C98-3F42-4CC5-9AEE-33749D7FBFA8}.Debug|Any CPU.Build.0 = Debug|Any CPU
		{B8CD2C98-3F42-4CC5-9AEE-33749D7FBFA8}.Release|Any CPU.ActiveCfg = Release|Any CPU
		{B8CD2C98-3F42-4CC5-9AEE-33749D7FBFA8}.Release|Any CPU.Build.0 = Release|Any CPU
	EndGlobalSection
	GlobalSection(SolutionProperties) = preSolution
		HideSolutionNode = FALSE
	EndGlobalSection
	GlobalSection(ExtensibilityGlobals) = postSolution
		SolutionGuid = {19D08D48-2819-44A3-860C-D6E43748AA10}
	EndGlobalSection
EndGlobal
