
Microsoft Visual Studio Solution File, Format Version 12.00
# Visual Studio Version 16
VisualStudioVersion = 16.0.29503.13
MinimumVisualStudioVersion = 10.0.40219.1
Project("{9A19103F-16F7-4668-BE54-9A1E7A4F7556}") = "DotFeaturesCore", "DotFeaturesCore.csproj", "{F67AB10A-2D12-4CD9-8D38-4677DCE86B90}"
EndProject
Project("{9A19103F-16F7-4668-BE54-9A1E7A4F7556}") = "BaseApplication", "..\BaseApplication\BaseApplication.csproj", "{71E48B54-0E70-412C-A072-F9C3D2DD46D6}"
EndProject
Global
	GlobalSection(SolutionConfigurationPlatforms) = preSolution
		Debug|Any CPU = Debug|Any CPU
		Release|Any CPU = Release|Any CPU
	EndGlobalSection
	GlobalSection(ProjectConfigurationPlatforms) = postSolution
		{F67AB10A-2D12-4CD9-8D38-4677DCE86B90}.Debug|Any CPU.ActiveCfg = Debug|Any CPU
		{F67AB10A-2D12-4CD9-8D38-4677DCE86B90}.Debug|Any CPU.Build.0 = Debug|Any CPU
		{F67AB10A-2D12-4CD9-8D38-4677DCE86B90}.Release|Any CPU.ActiveCfg = Release|Any CPU
		{F67AB10A-2D12-4CD9-8D38-4677DCE86B90}.Release|Any CPU.Build.0 = Release|Any CPU
		{71E48B54-0E70-412C-A072-F9C3D2DD46D6}.Debug|Any CPU.ActiveCfg = Debug|Any CPU
		{71E48B54-0E70-412C-A072-F9C3D2DD46D6}.Debug|Any CPU.Build.0 = Debug|Any CPU
		{71E48B54-0E70-412C-A072-F9C3D2DD46D6}.Release|Any CPU.ActiveCfg = Release|Any CPU
		{71E48B54-0E70-412C-A072-F9C3D2DD46D6}.Release|Any CPU.Build.0 = Release|Any CPU
	EndGlobalSection
	GlobalSection(SolutionProperties) = preSolution
		HideSolutionNode = FALSE
	EndGlobalSection
	GlobalSection(ExtensibilityGlobals) = postSolution
		SolutionGuid = {859B4CD2-D662-4B10-8D46-E4C1A693020F}
	EndGlobalSection
EndGlobal
